
Microsoft Visual Studio Solution File, Format Version 12.00
# Visual Studio 15
VisualStudioVersion = 15.0.27428.2015
MinimumVisualStudioVersion = 10.0.40219.1
Project("{8BC9CEB8-8B4A-11D0-8D11-00A0C91BC942}") = "第二学期7-6", "第二学期7-6\第二学期7-6.vcxproj", "{CFA204F2-3A03-4D27-9123-FCC05D49ECC4}"
EndProject
Global
	GlobalSection(SolutionConfigurationPlatforms) = preSolution
		Debug|x64 = Debug|x64
		Debug|x86 = Debug|x86
		Release|x64 = Release|x64
		Release|x86 = Release|x86
	EndGlobalSection
	GlobalSection(ProjectConfigurationPlatforms) = postSolution
		{CFA204F2-3A03-4D27-9123-FCC05D49ECC4}.Debug|x64.ActiveCfg = Debug|x64
		{CFA204F2-3A03-4D27-9123-FCC05D49ECC4}.Debug|x64.Build.0 = Debug|x64
		{CFA204F2-3A03-4D27-9123-FCC05D49ECC4}.Debug|x86.ActiveCfg = Debug|Win32
		{CFA204F2-3A03-4D27-9123-FCC05D49ECC4}.Debug|x86.Build.0 = Debug|Win32
		{CFA204F2-3A03-4D27-9123-FCC05D49ECC4}.Release|x64.ActiveCfg = Release|x64
		{CFA204F2-3A03-4D27-9123-FCC05D49ECC4}.Release|x64.Build.0 = Release|x64
		{CFA204F2-3A03-4D27-9123-FCC05D49ECC4}.Release|x86.ActiveCfg = Release|Win32
		{CFA204F2-3A03-4D27-9123-FCC05D49ECC4}.Release|x86.Build.0 = Release|Win32
	EndGlobalSection
	GlobalSection(SolutionProperties) = preSolution
		HideSolutionNode = FALSE
	EndGlobalSection
	GlobalSection(ExtensibilityGlobals) = postSolution
		SolutionGuid = {16BCB7A8-7BDD-4271-AE59-B12F3717912B}
	EndGlobalSection
EndGlobal
